
Microsoft Visual Studio Solution File, Format Version 12.00
# Visual Studio 15
VisualStudioVersion = 15.0.27703.2026
MinimumVisualStudioVersion = 10.0.40219.1
Project("{FAE04EC0-301F-11D3-BF4B-00C04F79EFBC}") = "AutofacACTNARS", "AutofacACTNARS\AutofacACTNARS.csproj", "{198D3F88-827C-43FC-90EC-BD4C9B60A087}"
EndProject
Global
	GlobalSection(SolutionConfigurationPlatforms) = preSolution
		Debug|Any CPU = Debug|Any CPU
		Release|Any CPU = Release|Any CPU
	EndGlobalSection
	GlobalSection(ProjectConfigurationPlatforms) = postSolution
		{198D3F88-827C-43FC-90EC-BD4C9B60A087}.Debug|Any CPU.ActiveCfg = Debug|Any CPU
		{198D3F88-827C-43FC-90EC-BD4C9B60A087}.Debug|Any CPU.Build.0 = Debug|Any CPU
		{198D3F88-827C-43FC-90EC-BD4C9B60A087}.Release|Any CPU.ActiveCfg = Release|Any CPU
		{198D3F88-827C-43FC-90EC-BD4C9B60A087}.Release|Any CPU.Build.0 = Release|Any CPU
	EndGlobalSection
	GlobalSection(SolutionProperties) = preSolution
		HideSolutionNode = FALSE
	EndGlobalSection
	GlobalSection(ExtensibilityGlobals) = postSolution
		SolutionGuid = {3113782A-5072-446B-ADDF-C69DFFE2C8EE}
	EndGlobalSection
EndGlobal
